
Microsoft Visual Studio Solution File, Format Version 12.00
# Visual Studio 14
VisualStudioVersion = 14.0.23107.0
MinimumVisualStudioVersion = 10.0.40219.1
Project("{FAE04EC0-301F-11D3-BF4B-00C04F79EFBC}") = "ApplicationInformationModel", "ApplicationInformationModel\ApplicationInformationModel.csproj", "{B11193F8-EA94-4741-BBB0-A0AFB25770DB}"
EndProject
Project("{FAE04EC0-301F-11D3-BF4B-00C04F79EFBC}") = "CMD", "CMD\CMD.csproj", "{5E1318E8-F634-4D75-B598-E2DF695B6778}"
EndProject
Project("{FAE04EC0-301F-11D3-BF4B-00C04F79EFBC}") = "ApplicationInformationModelTests", "ApplicationInformationModelTests\ApplicationInformationModelTests.csproj", "{4A35F37C-292E-4441-975A-CBD5D021A1F5}"
EndProject
Global
	GlobalSection(SolutionConfigurationPlatforms) = preSolution
		Debug|Any CPU = Debug|Any CPU
		Release|Any CPU = Release|Any CPU
	EndGlobalSection
	GlobalSection(ProjectConfigurationPlatforms) = postSolution
		{B11193F8-EA94-4741-BBB0-A0AFB25770DB}.Debug|Any CPU.ActiveCfg = Debug|Any CPU
		{B11193F8-EA94-4741-BBB0-A0AFB25770DB}.Debug|Any CPU.Build.0 = Debug|Any CPU
		{B11193F8-EA94-4741-BBB0-A0AFB25770DB}.Release|Any CPU.ActiveCfg = Release|Any CPU
		{B11193F8-EA94-4741-BBB0-A0AFB25770DB}.Release|Any CPU.Build.0 = Release|Any CPU
		{5E1318E8-F634-4D75-B598-E2DF695B6778}.Debug|Any CPU.ActiveCfg = Debug|Any CPU
		{5E1318E8-F634-4D75-B598-E2DF695B6778}.Debug|Any CPU.Build.0 = Debug|Any CPU
		{5E1318E8-F634-4D75-B598-E2DF695B6778}.Release|Any CPU.ActiveCfg = Release|Any CPU
		{5E1318E8-F634-4D75-B598-E2DF695B6778}.Release|Any CPU.Build.0 = Release|Any CPU
		{4A35F37C-292E-4441-975A-CBD5D021A1F5}.Debug|Any CPU.ActiveCfg = Debug|Any CPU
		{4A35F37C-292E-4441-975A-CBD5D021A1F5}.Debug|Any CPU.Build.0 = Debug|Any CPU
		{4A35F37C-292E-4441-975A-CBD5D021A1F5}.Release|Any CPU.ActiveCfg = Release|Any CPU
		{4A35F37C-292E-4441-975A-CBD5D021A1F5}.Release|Any CPU.Build.0 = Release|Any CPU
	EndGlobalSection
	GlobalSection(SolutionProperties) = preSolution
		HideSolutionNode = FALSE
	EndGlobalSection
EndGlobal
